
Microsoft Visual Studio Solution File, Format Version 12.00
# Visual Studio 2012
Project("{8BC9CEB8-8B4A-11D0-8D11-00A0C91BC942}") = "kcf-test", "kcf-test\kcf-test.vcxproj", "{3D357621-526F-40C7-A29E-96575742BA20}"
EndProject
Global
	GlobalSection(SolutionConfigurationPlatforms) = preSolution
		Debug|Win32 = Debug|Win32
		Release|Win32 = Release|Win32
	EndGlobalSection
	GlobalSection(ProjectConfigurationPlatforms) = postSolution
		{3D357621-526F-40C7-A29E-96575742BA20}.Debug|Win32.ActiveCfg = Debug|Win32
		{3D357621-526F-40C7-A29E-96575742BA20}.Debug|Win32.Build.0 = Debug|Win32
		{3D357621-526F-40C7-A29E-96575742BA20}.Release|Win32.ActiveCfg = Release|Win32
		{3D357621-526F-40C7-A29E-96575742BA20}.Release|Win32.Build.0 = Release|Win32
	EndGlobalSection
	GlobalSection(SolutionProperties) = preSolution
		HideSolutionNode = FALSE
	EndGlobalSection
EndGlobal
